
Microsoft Visual Studio Solution File, Format Version 12.00
# Visual Studio 15
VisualStudioVersion = 15.0.28307.1145
MinimumVisualStudioVersion = 10.0.40219.1
Project("{8BC9CEB8-8B4A-11D0-8D11-00A0C91BC942}") = "GeoFenix", "GeoFenix/GeoFenix.vcxproj", "{ABB442BC-5D32-44A1-9F11-EB76E2BAFEA1}"
EndProject
Global
	GlobalSection(SolutionConfigurationPlatforms) = preSolution
		Debug|x64 = Debug|x64
		Debug|x86 = Debug|x86
		Release|x64 = Release|x64
		Release|x86 = Release|x86
	EndGlobalSection
	GlobalSection(ProjectConfigurationPlatforms) = postSolution
		{ABB442BC-5D32-44A1-9F11-EB76E2BAFEA1}.Debug|x64.ActiveCfg = Debug|x64
		{ABB442BC-5D32-44A1-9F11-EB76E2BAFEA1}.Debug|x64.Build.0 = Debug|x64
		{ABB442BC-5D32-44A1-9F11-EB76E2BAFEA1}.Debug|x86.ActiveCfg = Debug|Win32
		{ABB442BC-5D32-44A1-9F11-EB76E2BAFEA1}.Debug|x86.Build.0 = Debug|Win32
		{ABB442BC-5D32-44A1-9F11-EB76E2BAFEA1}.Release|x64.ActiveCfg = Release|x64
		{ABB442BC-5D32-44A1-9F11-EB76E2BAFEA1}.Release|x64.Build.0 = Release|x64
		{ABB442BC-5D32-44A1-9F11-EB76E2BAFEA1}.Release|x86.ActiveCfg = Release|Win32
		{ABB442BC-5D32-44A1-9F11-EB76E2BAFEA1}.Release|x86.Build.0 = Release|Win32
	EndGlobalSection
	GlobalSection(SolutionProperties) = preSolution
		HideSolutionNode = FALSE
	EndGlobalSection
	GlobalSection(ExtensibilityGlobals) = postSolution
		SolutionGuid = {4DCCF04F-0B0C-4110-A2CA-E14EB3E595C8}
	EndGlobalSection
EndGlobal
